
Microsoft Visual Studio Solution File, Format Version 12.00
# Visual Studio Express 2013 for Windows Desktop
VisualStudioVersion = 12.0.31101.0
MinimumVisualStudioVersion = 10.0.40219.1
Project("{8BC9CEB8-8B4A-11D0-8D11-00A0C91BC942}") = "9ch_high_res", "9ch_high_res.vcxproj", "{20414F5A-683B-4EC9-880C-623F5D24C87B}"
EndProject
Global
	GlobalSection(SolutionConfigurationPlatforms) = preSolution
		Debug|Win32 = Debug|Win32
		Release|Win32 = Release|Win32
	EndGlobalSection
	GlobalSection(ProjectConfigurationPlatforms) = postSolution
		{20414F5A-683B-4EC9-880C-623F5D24C87B}.Debug|Win32.ActiveCfg = Debug|Win32
		{20414F5A-683B-4EC9-880C-623F5D24C87B}.Debug|Win32.Build.0 = Debug|Win32
		{20414F5A-683B-4EC9-880C-623F5D24C87B}.Release|Win32.ActiveCfg = Release|Win32
		{20414F5A-683B-4EC9-880C-623F5D24C87B}.Release|Win32.Build.0 = Release|Win32
	EndGlobalSection
	GlobalSection(SolutionProperties) = preSolution
		HideSolutionNode = FALSE
	EndGlobalSection
EndGlobal
