<?xml version="1.0" encoding="utf-8"?>
<Project ToolsVersion="4.0" xmlns="http://schemas.microsoft.com/developer/msbuild/2003">
  <ItemGroup>
    <Filter Include="Source Files">
      <UniqueIdentifier>{4FC737F1-C7A5-4376-A066-2A32D752A2FF}</UniqueIdentifier>
      <Extensions>cpp;c;cc;cxx;def;odl;idl;hpj;bat;asm;asmx</Extensions>
    </Filter>
    <Filter Include="Header Files">
      <UniqueIdentifier>{93995380-89BD-4b04-88EB-625FBE52EBFB}</UniqueIdentifier>
      <Extensions>h;hh;hpp;hxx;hm;inl;inc;xsd</Extensions>
    </Filter>
    <Filter Include="Resource Files">
      <UniqueIdentifier>{67DA6AB6-F800-4c08-8B7A-83BB121AAD01}</UniqueIdentifier>
      <Extensions>rc;ico;cur;bmp;dlg;rc2;rct;bin;rgs;gif;jpg;jpeg;jpe;resx;tiff;tif;png;wav;mfcribbon-ms</Extensions>
    </Filter>
    <Filter Include="Source Files\Core">
      <UniqueIdentifier>{6e0f9f29-188b-488b-b437-726e18d3d68c}</UniqueIdentifier>
    </Filter>
    <Filter Include="Source Files\Util">
      <UniqueIdentifier>{5fc44c3d-fc65-402f-a33f-fd6fad74e0f3}</UniqueIdentifier>
    </Filter>
    <Filter Include="Source Files\lib">
      <UniqueIdentifier>{80a82f7b-85bd-4944-a164-1f8b916781c8}</UniqueIdentifier>
    </Filter>
    <Filter Include="Source Files\lib\CLD">
      <UniqueIdentifier>{2686084f-030f-4a3f-aa73-894902cae0f2}</UniqueIdentifier>
    </Filter>
  </ItemGroup>
  <ItemGroup>
    <Text Include="ReadMe.txt" />
  </ItemGroup>
  <ItemGroup>
    <ClInclude Include="stdafx.h">
      <Filter>Header Files</Filter>
    </ClInclude>
    <ClInclude Include="targetver.h">
      <Filter>Header Files</Filter>
    </ClInclude>
    <ClInclude Include="CVImage.h">
      <Filter>Source Files\Core</Filter>
    </ClInclude>
    <ClInclude Include="CVCalibration.h">
      <Filter>Source Files\Util</Filter>
    </ClInclude>
    <ClInclude Include="CVWrappers.h">
      <Filter>Source Files\Core</Filter>
    </ClInclude>
    <ClInclude Include="CLD\ETF.h">
      <Filter>Source Files\lib\CLD</Filter>
    </ClInclude>
    <ClInclude Include="CLD\fdog.h">
      <Filter>Source Files\lib\CLD</Filter>
    </ClInclude>
    <ClInclude Include="CLD\imatrix.h">
      <Filter>Source Files\lib\CLD</Filter>
    </ClInclude>
    <ClInclude Include="CLD\myvec.h">
      <Filter>Source Files\lib\CLD</Filter>
    </ClInclude>
    <ClInclude Include="CVUtilities.h">
      <Filter>Source Files\Core</Filter>
    </ClInclude>
    <ClInclude Include="CVTracker.h">
      <Filter>Source Files\Util</Filter>
    </ClInclude>
    <ClInclude Include="CVRunningBackground.h">
      <Filter>Source Files\Util</Filter>
    </ClInclude>
    <ClInclude Include="CVChessBoard.h">
      <Filter>Source Files\Util</Filter>
    </ClInclude>
  </ItemGroup>
  <ItemGroup>
    <ClCompile Include="stdafx.cpp">
      <Filter>Source Files</Filter>
    </ClCompile>
    <ClCompile Include="CVCalibration.cpp">
      <Filter>Source Files\Util</Filter>
    </ClCompile>
    <ClCompile Include="CLD\ETF.cpp">
      <Filter>Source Files\lib\CLD</Filter>
    </ClCompile>
    <ClCompile Include="CLD\fdog.cpp">
      <Filter>Source Files\lib\CLD</Filter>
    </ClCompile>
    <ClCompile Include="CVWrappers.cpp">
      <Filter>Source Files\Core</Filter>
    </ClCompile>
    <ClCompile Include="CVUtilities.cpp">
      <Filter>Source Files\Core</Filter>
    </ClCompile>
    <ClCompile Include="CVTracker.cpp">
      <Filter>Source Files\Util</Filter>
    </ClCompile>
    <ClCompile Include="CVRunningBackground.cpp">
      <Filter>Source Files\Util</Filter>
    </ClCompile>
    <ClCompile Include="CVChessBoard.cpp">
      <Filter>Source Files\Util</Filter>
    </ClCompile>
  </ItemGroup>
</Project>