<?xml version="1.0" encoding="utf-8"?>
<Project ToolsVersion="4.0" xmlns="http://schemas.microsoft.com/developer/msbuild/2003">
  <ItemGroup>
    <ClCompile Include="OpenNIModule.cpp" />
    <ClCompile Include="dllmain.cpp" />
    <ClCompile Include="stdafx.cpp" />
    <ClCompile Include="OpenNIService.cpp" />
    <ClCompile Include="GeomDepthCalculator.cpp">
      <Filter>OpenNI</Filter>
    </ClCompile>
    <ClCompile Include="GeomDepthRect.cpp">
      <Filter>OpenNI</Filter>
    </ClCompile>
    <ClCompile Include="OpenNIHandler.cpp">
      <Filter>OpenNI</Filter>
    </ClCompile>
    <ClCompile Include="DepthCompressor\ofxDepthCompressedFrame.cpp">
      <Filter>DepthCompressor</Filter>
    </ClCompile>
    <ClCompile Include="DepthCompressor\ofxDepthStreamCompression.cpp">
      <Filter>DepthCompressor</Filter>
    </ClCompile>
  </ItemGroup>
  <ItemGroup>
    <ClInclude Include="OpenNIModule.h" />
    <ClInclude Include="stdafx.h" />
    <ClInclude Include="targetver.h" />
    <ClInclude Include="OpenNIService.h" />
    <ClInclude Include="GeomDepthCalculator.h">
      <Filter>OpenNI</Filter>
    </ClInclude>
    <ClInclude Include="GeomDepthRect.h">
      <Filter>OpenNI</Filter>
    </ClInclude>
    <ClInclude Include="OpenNIHandler.h">
      <Filter>OpenNI</Filter>
    </ClInclude>
    <ClInclude Include="DepthCompressor\ofxCompress.h">
      <Filter>DepthCompressor</Filter>
    </ClInclude>
    <ClInclude Include="DepthCompressor\ofxDepthCompressedFrame.h">
      <Filter>DepthCompressor</Filter>
    </ClInclude>
    <ClInclude Include="DepthCompressor\ofxDepthStreamCompression.h">
      <Filter>DepthCompressor</Filter>
    </ClInclude>
  </ItemGroup>
  <ItemGroup>
    <Text Include="ReadMe.txt" />
  </ItemGroup>
  <ItemGroup>
    <Filter Include="OpenNI">
      <UniqueIdentifier>{27fe4846-110d-43d0-b581-66fe3fe86c25}</UniqueIdentifier>
    </Filter>
    <Filter Include="DepthCompressor">
      <UniqueIdentifier>{1676421b-7721-427f-80e1-50628ec95989}</UniqueIdentifier>
    </Filter>
  </ItemGroup>
</Project>