<?xml version="1.0" encoding="utf-8"?>
<Project ToolsVersion="4.0" xmlns="http://schemas.microsoft.com/developer/msbuild/2003">
  <ItemGroup>
    <ClCompile Include="GStreamerManager.cpp" />
    <ClCompile Include="GStreamerPlayback.cpp" />
    <ClCompile Include="stdafx.cpp" />
    <ClCompile Include="CMySink.cpp">
      <Filter>Elements</Filter>
    </ClCompile>
    <ClCompile Include="CMySrc.cpp">
      <Filter>Elements</Filter>
    </ClCompile>
    <ClCompile Include="GstUtils.cpp" />
    <ClCompile Include="GstVideoPlayer.cpp" />
    <ClCompile Include="CMyUDPSink.cpp">
      <Filter>Elements</Filter>
    </ClCompile>
    <ClCompile Include="CMyUDPSrc.cpp">
      <Filter>Elements</Filter>
    </ClCompile>
    <ClCompile Include="VideoAppSinkHandler.cpp">
      <Filter>Handlers</Filter>
    </ClCompile>
    <ClCompile Include="GstPipelineHandler.cpp">
      <Filter>Handlers</Filter>
    </ClCompile>
    <ClCompile Include="GstNetworkAudioPlayer.cpp">
      <Filter>StreamType\Player</Filter>
    </ClCompile>
    <ClCompile Include="GstNetworkVideoPlayer.cpp">
      <Filter>StreamType\Player</Filter>
    </ClCompile>
    <ClCompile Include="GstPlayerBin.cpp">
      <Filter>StreamType\Player</Filter>
    </ClCompile>
    <ClCompile Include="GstNetworkAudioStreamer.cpp">
      <Filter>StreamType\Streamer</Filter>
    </ClCompile>
    <ClCompile Include="GstStreamBin.cpp">
      <Filter>StreamType\Streamer</Filter>
    </ClCompile>
    <ClCompile Include="GstCustomVideoStreamer.cpp">
      <Filter>StreamType\Streamer</Filter>
    </ClCompile>
    <ClCompile Include="GstLocalVideoPlayer.cpp">
      <Filter>StreamType\Player</Filter>
    </ClCompile>
    <ClCompile Include="GStreamerCore.cpp" />
    <ClCompile Include="IGStreamerStreamer.cpp">
      <Filter>StreamType\Streamer</Filter>
    </ClCompile>
    <ClCompile Include="IGStreamerPlayer.cpp">
      <Filter>StreamType\Player</Filter>
    </ClCompile>
    <ClCompile Include="GstNetworkMultipleVideoPlayer.cpp">
      <Filter>StreamType\Player</Filter>
    </ClCompile>
    <ClCompile Include="AppSrcVideoSrc.cpp">
      <Filter>StreamType\Streamer\VideoGrabber</Filter>
    </ClCompile>
    <ClCompile Include="CameraVideoSrc.cpp">
      <Filter>StreamType\Streamer\VideoGrabber</Filter>
    </ClCompile>
    <ClCompile Include="AudioAppSinkHandler.cpp">
      <Filter>Handlers</Filter>
    </ClCompile>
    <ClCompile Include="IAppSinkHandler.cpp">
      <Filter>Handlers</Filter>
    </ClCompile>
    <ClCompile Include="ICustomVideoSrc.cpp">
      <Filter>StreamType\Streamer\VideoGrabber</Filter>
    </ClCompile>
    <ClCompile Include="GstCustomDataStreamer.cpp">
      <Filter>StreamType\Streamer</Filter>
    </ClCompile>
    <ClCompile Include="GstNetworkVideoStreamer.cpp">
      <Filter>StreamType\Streamer</Filter>
    </ClCompile>
    <ClCompile Include="EyegazeCameraVideoSrc.cpp">
      <Filter>StreamType\Streamer\VideoGrabber</Filter>
    </ClCompile>
    <ClCompile Include="CMyListener.cpp">
      <Filter>Elements</Filter>
    </ClCompile>
    <ClCompile Include="rtp.cpp">
      <Filter>Core</Filter>
    </ClCompile>
    <ClCompile Include="AveragePer.cpp">
      <Filter>StreamType</Filter>
    </ClCompile>
    <ClCompile Include="GstAppNetAudioStreamer.cpp">
      <Filter>StreamType\Streamer</Filter>
    </ClCompile>
    <ClCompile Include="LocalAudioGrabber.cpp">
      <Filter>StreamType\Streamer\AudioGrabbers</Filter>
    </ClCompile>
    <ClCompile Include="CustomAudioGrabber.cpp">
      <Filter>StreamType\Streamer\AudioGrabbers</Filter>
    </ClCompile>
    <ClCompile Include="OVRVisionEyegazeCameraVideoSrc.cpp">
      <Filter>StreamType\Streamer\VideoGrabber</Filter>
    </ClCompile>
    <ClCompile Include="GstCustomDataPlayer.cpp">
      <Filter>StreamType\Player</Filter>
    </ClCompile>
    <ClCompile Include="GZipCompress.cpp">
      <Filter>Core</Filter>
    </ClCompile>
  </ItemGroup>
  <ItemGroup>
    <ClInclude Include="GStreamerManager.h" />
    <ClInclude Include="GStreamerPlayback.h" />
    <ClInclude Include="stdafx.h" />
    <ClInclude Include="targetver.h" />
    <ClInclude Include="CMySink.h">
      <Filter>Elements</Filter>
    </ClInclude>
    <ClInclude Include="CMySrc.h">
      <Filter>Elements</Filter>
    </ClInclude>
    <ClInclude Include="IGstAppListener.h" />
    <ClInclude Include="GstUtils.h" />
    <ClInclude Include="GstVideoPlayer.h" />
    <ClInclude Include="CMyUDPSink.h">
      <Filter>Elements</Filter>
    </ClInclude>
    <ClInclude Include="CMyUDPSrc.h">
      <Filter>Elements</Filter>
    </ClInclude>
    <ClInclude Include="VideoAppSinkHandler.h">
      <Filter>Handlers</Filter>
    </ClInclude>
    <ClInclude Include="GstPipelineHandler.h">
      <Filter>Handlers</Filter>
    </ClInclude>
    <ClInclude Include="GstNetworkAudioPlayer.h">
      <Filter>StreamType\Player</Filter>
    </ClInclude>
    <ClInclude Include="GstNetworkVideoPlayer.h">
      <Filter>StreamType\Player</Filter>
    </ClInclude>
    <ClInclude Include="GstPlayerBin.h">
      <Filter>StreamType\Player</Filter>
    </ClInclude>
    <ClInclude Include="GstNetworkAudioStreamer.h">
      <Filter>StreamType\Streamer</Filter>
    </ClInclude>
    <ClInclude Include="GstStreamBin.h">
      <Filter>StreamType\Streamer</Filter>
    </ClInclude>
    <ClInclude Include="IGStreamerPlayer.h">
      <Filter>StreamType\Player</Filter>
    </ClInclude>
    <ClInclude Include="IGStreamerStreamer.h">
      <Filter>StreamType\Streamer</Filter>
    </ClInclude>
    <ClInclude Include="GStreamerFilePlayer.h">
      <Filter>StreamType\Player</Filter>
    </ClInclude>
    <ClInclude Include="GstCustomVideoStreamer.h">
      <Filter>StreamType\Streamer</Filter>
    </ClInclude>
    <ClInclude Include="GstLocalVideoPlayer.h">
      <Filter>StreamType\Player</Filter>
    </ClInclude>
    <ClInclude Include="GStreamerCore.h" />
    <ClInclude Include="IStreamListener.h">
      <Filter>StreamType</Filter>
    </ClInclude>
    <ClInclude Include="GstNetworkMultipleVideoPlayer.h">
      <Filter>StreamType\Player</Filter>
    </ClInclude>
    <ClInclude Include="ICustomVideoSrc.h">
      <Filter>StreamType\Streamer\VideoGrabber</Filter>
    </ClInclude>
    <ClInclude Include="AppSrcVideoSrc.h">
      <Filter>StreamType\Streamer\VideoGrabber</Filter>
    </ClInclude>
    <ClInclude Include="CameraVideoSrc.h">
      <Filter>StreamType\Streamer\VideoGrabber</Filter>
    </ClInclude>
    <ClInclude Include="AudioAppSinkHandler.h">
      <Filter>Handlers</Filter>
    </ClInclude>
    <ClInclude Include="IAppSinkHandler.h">
      <Filter>Handlers</Filter>
    </ClInclude>
    <ClInclude Include="GstCustomDataStreamer.h">
      <Filter>StreamType\Streamer</Filter>
    </ClInclude>
    <ClInclude Include="GstNetworkVideoStreamer.h">
      <Filter>StreamType\Streamer</Filter>
    </ClInclude>
    <ClInclude Include="EyegazeCameraVideoSrc.h">
      <Filter>StreamType\Streamer\VideoGrabber</Filter>
    </ClInclude>
    <ClInclude Include="CMyListener.h">
      <Filter>Elements</Filter>
    </ClInclude>
    <ClInclude Include="rtp.h">
      <Filter>Core</Filter>
    </ClInclude>
    <ClInclude Include="AveragePer.h" />
    <ClInclude Include="GstAppNetAudioStreamer.h">
      <Filter>StreamType\Streamer</Filter>
    </ClInclude>
    <ClInclude Include="IAudioGrabber.h">
      <Filter>StreamType\Streamer\AudioGrabbers</Filter>
    </ClInclude>
    <ClInclude Include="LocalAudioGrabber.h">
      <Filter>StreamType\Streamer\AudioGrabbers</Filter>
    </ClInclude>
    <ClInclude Include="CustomAudioGrabber.h">
      <Filter>StreamType\Streamer\AudioGrabbers</Filter>
    </ClInclude>
    <ClInclude Include="OVRVisionEyegazeCameraVideoSrc.h">
      <Filter>StreamType\Streamer\VideoGrabber</Filter>
    </ClInclude>
    <ClInclude Include="GstCustomDataPlayer.h">
      <Filter>StreamType\Player</Filter>
    </ClInclude>
    <ClInclude Include="GZipCompress.h">
      <Filter>Core</Filter>
    </ClInclude>
  </ItemGroup>
  <ItemGroup>
    <None Include="ReadMe.txt" />
  </ItemGroup>
  <ItemGroup>
    <Filter Include="StreamType">
      <UniqueIdentifier>{394fc3d5-9b6f-4084-8c0c-9bd58e4321f3}</UniqueIdentifier>
    </Filter>
    <Filter Include="Elements">
      <UniqueIdentifier>{818528a4-6d2a-44a9-9048-d6661d607626}</UniqueIdentifier>
    </Filter>
    <Filter Include="Core">
      <UniqueIdentifier>{3d0f569f-2d84-4c17-82f3-805c1c75543d}</UniqueIdentifier>
    </Filter>
    <Filter Include="Pipelines">
      <UniqueIdentifier>{fe5bf891-37c7-4f43-8aa6-0a8831edaa12}</UniqueIdentifier>
    </Filter>
    <Filter Include="StreamType\Player">
      <UniqueIdentifier>{052e8f82-c9a6-4831-a379-43f02122be35}</UniqueIdentifier>
    </Filter>
    <Filter Include="StreamType\Streamer">
      <UniqueIdentifier>{1b8b5de4-d42d-40fd-9d0d-a6776fc2701d}</UniqueIdentifier>
    </Filter>
    <Filter Include="Handlers">
      <UniqueIdentifier>{6812035b-b5ea-4dcc-92ea-c3208a262540}</UniqueIdentifier>
    </Filter>
    <Filter Include="StreamType\Streamer\AudioGrabbers">
      <UniqueIdentifier>{8c460d32-1b95-479d-8c8b-c3c4fd92729c}</UniqueIdentifier>
    </Filter>
    <Filter Include="StreamType\Streamer\VideoGrabber">
      <UniqueIdentifier>{5cab6854-0d3e-4da6-9ca4-d44b78c79800}</UniqueIdentifier>
    </Filter>
  </ItemGroup>
</Project>