<?xml version="1.0" encoding="utf-8"?>
<Project ToolsVersion="4.0" xmlns="http://schemas.microsoft.com/developer/msbuild/2003">
  <ItemGroup>
    <ClCompile Include="dllmain.cpp" />
    <ClCompile Include="serial\list_ports_win.cc">
      <Filter>Includes</Filter>
    </ClCompile>
    <ClCompile Include="movingAverage.cpp">
      <Filter>Includes</Filter>
    </ClCompile>
    <ClCompile Include="serial\serial.cc">
      <Filter>Includes</Filter>
    </ClCompile>
    <ClCompile Include="stdafx.cpp">
      <Filter>Includes</Filter>
    </ClCompile>
    <ClCompile Include="Tserial_event.cpp">
      <Filter>Includes</Filter>
    </ClCompile>
    <ClCompile Include="serial\win.cc">
      <Filter>Includes</Filter>
    </ClCompile>
    <ClCompile Include="PhantomRobotDLL.cpp">
      <Filter>Robot</Filter>
    </ClCompile>
    <ClCompile Include="ThreeAxisHead.cpp">
      <Filter>Robot</Filter>
    </ClCompile>
    <ClCompile Include="RobotSerialPort.cpp">
      <Filter>Robot</Filter>
    </ClCompile>
    <ClCompile Include="PhantomCommunicator.cpp">
      <Filter>Robot</Filter>
    </ClCompile>
  </ItemGroup>
  <ItemGroup>
    <ClInclude Include="movingAverage.h">
      <Filter>Includes</Filter>
    </ClInclude>
    <ClInclude Include="serial\serial.h">
      <Filter>Includes</Filter>
    </ClInclude>
    <ClInclude Include="targetver.h">
      <Filter>Includes</Filter>
    </ClInclude>
    <ClInclude Include="stdafx.h">
      <Filter>Includes</Filter>
    </ClInclude>
    <ClInclude Include="Tserial_event.h">
      <Filter>Includes</Filter>
    </ClInclude>
    <ClInclude Include="serial\win.h">
      <Filter>Includes</Filter>
    </ClInclude>
    <ClInclude Include="IBaseController.h">
      <Filter>Robot</Filter>
    </ClInclude>
    <ClInclude Include="IHeadController.h">
      <Filter>Robot</Filter>
    </ClInclude>
    <ClInclude Include="IRobotComponent.h">
      <Filter>Robot</Filter>
    </ClInclude>
    <ClInclude Include="PhantomRobotDLL.h">
      <Filter>Robot</Filter>
    </ClInclude>
    <ClInclude Include="ThreeAxisHead.h">
      <Filter>Robot</Filter>
    </ClInclude>
    <ClInclude Include="serial\v8stdint.h">
      <Filter>Includes</Filter>
    </ClInclude>
    <ClInclude Include="RobotSerialPort.h">
      <Filter>Robot</Filter>
    </ClInclude>
    <ClInclude Include="PhantomCommunicator.h">
      <Filter>Robot</Filter>
    </ClInclude>
    <ClInclude Include="agent.h">
      <Filter>Robot</Filter>
    </ClInclude>
  </ItemGroup>
  <ItemGroup>
    <Text Include="ReadMe.txt" />
  </ItemGroup>
  <ItemGroup>
    <Filter Include="Includes">
      <UniqueIdentifier>{ef24ee85-f434-462b-8d0f-04a6aa827c36}</UniqueIdentifier>
    </Filter>
    <Filter Include="Robot">
      <UniqueIdentifier>{7edc7f94-dc2d-4afc-8401-83f24c490889}</UniqueIdentifier>
    </Filter>
  </ItemGroup>
</Project>