<?xml version="1.0" encoding="utf-8"?>
<Project ToolsVersion="4.0" xmlns="http://schemas.microsoft.com/developer/msbuild/2003">
  <ItemGroup>
    <ClInclude Include="include\ILogDevice.h">
      <Filter>Source Files</Filter>
    </ClInclude>
    <ClInclude Include="include\ILogManager.h">
      <Filter>Source Files</Filter>
    </ClInclude>
    <ClInclude Include="include\mString.h">
      <Filter>Source Files</Filter>
    </ClInclude>
    <ClInclude Include="include\mTypes.h">
      <Filter>Source Files</Filter>
    </ClInclude>
    <ClInclude Include="include\StreamLogger.h">
      <Filter>Source Files</Filter>
    </ClInclude>
    <ClInclude Include="include\StreamWriter.h">
      <Filter>Source Files</Filter>
    </ClInclude>
    <ClInclude Include="include\StreamWriterEx.h">
      <Filter>Source Files</Filter>
    </ClInclude>
    <ClInclude Include="include\StringConverter.h">
      <Filter>Source Files</Filter>
    </ClInclude>
    <ClInclude Include="include\StringEncoding.h">
      <Filter>Source Files</Filter>
    </ClInclude>
    <ClInclude Include="include\StringUtil.h">
      <Filter>Source Files</Filter>
    </ClInclude>
    <ClInclude Include="include\StringUtil.hpp">
      <Filter>Source Files</Filter>
    </ClInclude>
    <ClInclude Include="include\LogManager.h">
      <Filter>Source Files</Filter>
    </ClInclude>
    <ClInclude Include="include\LogSubsystem.h">
      <Filter>Source Files</Filter>
    </ClInclude>
    <ClInclude Include="include\StreamReader.h">
      <Filter>Source Files</Filter>
    </ClInclude>
    <ClInclude Include="include\StreamReaderEx.h">
      <Filter>Source Files</Filter>
    </ClInclude>
    <ClInclude Include="include\HashMap.h">
      <Filter>Source Files</Filter>
    </ClInclude>
    <ClInclude Include="include\HeapAllocator.h">
      <Filter>Source Files</Filter>
    </ClInclude>
    <ClInclude Include="include\heapSort.h">
      <Filter>Source Files</Filter>
    </ClInclude>
    <ClInclude Include="include\ISingleton.h">
      <Filter>Source Files</Filter>
    </ClInclude>
    <ClInclude Include="include\macros.h">
      <Filter>Source Files</Filter>
    </ClInclude>
    <ClInclude Include="include\mArray.h">
      <Filter>Source Files</Filter>
    </ClInclude>
    <ClInclude Include="include\CException.h">
      <Filter>Source Files</Filter>
    </ClInclude>
    <ClInclude Include="include\stdafx.h">
      <Filter>Header Files</Filter>
    </ClInclude>
    <ClInclude Include="include\SColor.h">
      <Filter>Source Files</Filter>
    </ClInclude>
    <ClInclude Include="include\UTFString.h">
      <Filter>Source Files</Filter>
    </ClInclude>
    <ClInclude Include="include\PoolMemoryAllocator.h">
      <Filter>Source Files</Filter>
    </ClInclude>
    <ClInclude Include="include\GCCollector.h">
      <Filter>Source Files</Filter>
    </ClInclude>
    <ClInclude Include="include\GCInfo.h">
      <Filter>Source Files</Filter>
    </ClInclude>
    <ClInclude Include="include\GCPtr.h">
      <Filter>Source Files</Filter>
    </ClInclude>
    <ClInclude Include="include\IGCCollector.h">
      <Filter>Source Files</Filter>
    </ClInclude>
    <ClInclude Include="include\IStream.h">
      <Filter>Source Files</Filter>
    </ClInclude>
    <ClInclude Include="include\IStringEncoding.h">
      <Filter>Source Files</Filter>
    </ClInclude>
    <ClInclude Include="include\ListenerContainer.h">
      <Filter>Source Files</Filter>
    </ClInclude>
    <ClInclude Include="include\ASCIIEncoding.h">
      <Filter>Source Files</Filter>
    </ClInclude>
    <ClInclude Include="include\EnumManager.h">
      <Filter>Source Files</Filter>
    </ClInclude>
    <ClInclude Include="include\IResource.h">
      <Filter>Source Files</Filter>
    </ClInclude>
    <ClInclude Include="include\IObject.h">
      <Filter>Source Files</Filter>
    </ClInclude>
    <ClInclude Include="include\IDelegate.h">
      <Filter>Source Files</Filter>
    </ClInclude>
    <ClInclude Include="include\idelegate_implement.h">
      <Filter>Source Files</Filter>
    </ClInclude>
    <ClInclude Include="include\IDelegateContainer.h">
      <Filter>Source Files</Filter>
    </ClInclude>
    <ClInclude Include="include\IDelegateEvent.h">
      <Filter>Source Files</Filter>
    </ClInclude>
    <ClInclude Include="include\IDelegateSet.h">
      <Filter>Source Files</Filter>
    </ClInclude>
    <ClInclude Include="include\IProperty.h">
      <Filter>Source Files</Filter>
    </ClInclude>
    <ClInclude Include="include\IPropertyVistor.h">
      <Filter>Source Files</Filter>
    </ClInclude>
    <ClInclude Include="include\common.h">
      <Filter>Source Files</Filter>
    </ClInclude>
    <ClInclude Include="include\GUID.h">
      <Filter>Source Files</Filter>
    </ClInclude>
    <ClInclude Include="include\CPropertieSet.h">
      <Filter>Source Files</Filter>
    </ClInclude>
    <ClInclude Include="include\IErrorDialog.h">
      <Filter>Source Files</Filter>
    </ClInclude>
    <ClInclude Include="include\IEventReciver.h">
      <Filter>Source Files</Filter>
    </ClInclude>
    <ClInclude Include="include\IFileSystem.h">
      <Filter>Source Files</Filter>
    </ClInclude>
    <ClInclude Include="include\IMutex.h">
      <Filter>Source Files</Filter>
    </ClInclude>
    <ClInclude Include="include\INetwork.h">
      <Filter>Source Files</Filter>
    </ClInclude>
    <ClInclude Include="include\IThread.h">
      <Filter>Source Files</Filter>
    </ClInclude>
    <ClInclude Include="include\IThreadEvent.h">
      <Filter>Source Files</Filter>
    </ClInclude>
    <ClInclude Include="include\IThreadFunction.h">
      <Filter>Source Files</Filter>
    </ClInclude>
    <ClInclude Include="include\IThreadManager.h">
      <Filter>Source Files</Filter>
    </ClInclude>
    <ClInclude Include="include\ITimer.h">
      <Filter>Source Files</Filter>
    </ClInclude>
    <ClInclude Include="include\NetAddress.h">
      <Filter>Source Files</Filter>
    </ClInclude>
    <ClInclude Include="include\RTTI.h">
      <Filter>Source Files</Filter>
    </ClInclude>
    <ClInclude Include="include\TraceManager.h">
      <Filter>Source Files</Filter>
    </ClInclude>
    <ClInclude Include="include\XMLElement.h">
      <Filter>Source Files</Filter>
    </ClInclude>
    <ClInclude Include="include\IXMLNode.h">
      <Filter>Source Files</Filter>
    </ClInclude>
    <ClInclude Include="include\IXMLParser.h">
      <Filter>Source Files</Filter>
    </ClInclude>
    <ClInclude Include="include\UnicodeEncoding.h">
      <Filter>Source Files</Filter>
    </ClInclude>
    <ClInclude Include="include\CMutexVar.h">
      <Filter>Source Files</Filter>
    </ClInclude>
    <ClInclude Include="include\GenericLoggerSystem.h">
      <Filter>Source Files</Filter>
    </ClInclude>
    <ClInclude Include="include\IOSClipboard.h">
      <Filter>Source Files</Filter>
    </ClInclude>
    <ClInclude Include="include\IOSRegistry.h">
      <Filter>Source Files</Filter>
    </ClInclude>
    <ClInclude Include="include\IOSystem.h">
      <Filter>Source Files</Filter>
    </ClInclude>
    <ClInclude Include="include\IResourceManager.h">
      <Filter>Source Files</Filter>
    </ClInclude>
    <ClInclude Include="include\XMLTextNode.h">
      <Filter>Source Files</Filter>
    </ClInclude>
    <ClInclude Include="include\XMLTree.h">
      <Filter>Source Files</Filter>
    </ClInclude>
    <ClInclude Include="include\XMLWriter.h">
      <Filter>Source Files</Filter>
    </ClInclude>
    <ClInclude Include="include\CMemory.h">
      <Filter>Source Files</Filter>
    </ClInclude>
    <ClInclude Include="include\CMemoryStream.h">
      <Filter>Source Files</Filter>
    </ClInclude>
    <ClInclude Include="include\DelegateManager.h">
      <Filter>Source Files</Filter>
    </ClInclude>
    <ClInclude Include="include\IAsyncLoadRequest.h">
      <Filter>Source Files</Filter>
    </ClInclude>
    <ClInclude Include="include\MultiThreadListener.h">
      <Filter>Source Files</Filter>
    </ClInclude>
    <ClInclude Include="include\MutexLocks.h">
      <Filter>Source Files</Filter>
    </ClInclude>
    <ClInclude Include="include\NullMutex.h">
      <Filter>Source Files</Filter>
    </ClInclude>
    <ClInclude Include="include\IOSSystem.h">
      <Filter>Source Files</Filter>
    </ClInclude>
    <ClInclude Include="include\IResourceHolder.h">
      <Filter>Source Files</Filter>
    </ClInclude>
    <ClInclude Include="include\CRC.h">
      <Filter>Source Files</Filter>
    </ClInclude>
    <ClInclude Include="include\XMLComment.h">
      <Filter>Source Files</Filter>
    </ClInclude>
    <ClInclude Include="include\BitConverter.h">
      <Filter>Source Files</Filter>
    </ClInclude>
    <ClInclude Include="include\BitVector.h">
      <Filter>Source Files</Filter>
    </ClInclude>
    <ClInclude Include="include\CLimitedStream.h">
      <Filter>Source Files</Filter>
    </ClInclude>
    <ClInclude Include="include\ColorConverter.h">
      <Filter>Source Files</Filter>
    </ClInclude>
    <ClInclude Include="include\DateTime.h">
      <Filter>Source Files</Filter>
    </ClInclude>
    <ClInclude Include="include\DefaultColors.h">
      <Filter>Source Files</Filter>
    </ClInclude>
    <ClInclude Include="include\FPSCalc.h">
      <Filter>Source Files</Filter>
    </ClInclude>
    <ClInclude Include="include\ImageInfo.h">
      <Filter>Source Files</Filter>
    </ClInclude>
    <ClInclude Include="include\videoCommon.h">
      <Filter>Source Files</Filter>
    </ClInclude>
    <ClInclude Include="include\PixelFormat.h">
      <Filter>Source Files</Filter>
    </ClInclude>
    <ClInclude Include="include\PixelUtil.h">
      <Filter>Source Files</Filter>
    </ClInclude>
    <ClInclude Include="include\IUDPClient.h">
      <Filter>Source Files</Filter>
    </ClInclude>
    <ClInclude Include="include\IVideoGrabber.h">
      <Filter>Source Files</Filter>
    </ClInclude>
    <ClInclude Include="include\CMsgbuffer.h">
      <Filter>Source Files</Filter>
    </ClInclude>
    <ClInclude Include="include\ISocket.h">
      <Filter>Source Files</Filter>
    </ClInclude>
    <ClInclude Include="include\IWebRequest.h">
      <Filter>Source Files</Filter>
    </ClInclude>
    <ClInclude Include="include\NetDataTypes.h">
      <Filter>Source Files</Filter>
    </ClInclude>
    <ClInclude Include="include\SocketListener.h">
      <Filter>Source Files</Filter>
    </ClInclude>
    <ClInclude Include="include\WebURL.h">
      <Filter>Source Files</Filter>
    </ClInclude>
    <ClInclude Include="include\IReliableSocket.h">
      <Filter>Source Files</Filter>
    </ClInclude>
    <ClInclude Include="include\HNetCommands.h">
      <Filter>Source Files</Filter>
    </ClInclude>
    <ClInclude Include="include\NetPacket.h">
      <Filter>Source Files</Filter>
    </ClInclude>
    <ClInclude Include="include\SendPacketQueue.h">
      <Filter>Source Files</Filter>
    </ClInclude>
    <ClInclude Include="include\HMessages.h">
      <Filter>Source Files</Filter>
    </ClInclude>
    <ClInclude Include="include\ConnectedPeer.h">
      <Filter>Source Files</Filter>
    </ClInclude>
    <ClInclude Include="include\ICondition.h">
      <Filter>Source Files</Filter>
    </ClInclude>
    <ClInclude Include="include\IDirOS.h">
      <Filter>Source Files</Filter>
    </ClInclude>
    <ClInclude Include="include\IDllManager.h">
      <Filter>Source Files</Filter>
    </ClInclude>
    <ClInclude Include="include\IDynamicLibrary.h">
      <Filter>Source Files</Filter>
    </ClInclude>
    <ClInclude Include="include\IFileMonitor.h">
      <Filter>Source Files</Filter>
    </ClInclude>
    <ClInclude Include="include\IMonitorFileInformation.h">
      <Filter>Source Files</Filter>
    </ClInclude>
    <ClInclude Include="include\ISystemProcess.h">
      <Filter>Source Files</Filter>
    </ClInclude>
    <ClInclude Include="include\ThreadBarrier.h">
      <Filter>Source Files</Filter>
    </ClInclude>
    <ClInclude Include="include\IJoysticController.h">
      <Filter>Source Files</Filter>
    </ClInclude>
    <ClInclude Include="include\IKeyboardController.h">
      <Filter>Source Files</Filter>
    </ClInclude>
    <ClInclude Include="include\IMouseController.h">
      <Filter>Source Files</Filter>
    </ClInclude>
    <ClInclude Include="include\InputManager.h">
      <Filter>Source Files</Filter>
    </ClInclude>
    <ClInclude Include="include\KEY_MAP.h">
      <Filter>Source Files</Filter>
    </ClInclude>
    <ClInclude Include="include\KEYCode.h">
      <Filter>Source Files</Filter>
    </ClInclude>
    <ClInclude Include="include\mrayCore.h">
      <Filter>Header Files</Filter>
    </ClInclude>
    <ClInclude Include="include\OptionContainer.h">
      <Filter>Source Files</Filter>
    </ClInclude>
    <ClInclude Include="include\SOptionElement.h">
      <Filter>Source Files</Filter>
    </ClInclude>
    <ClInclude Include="include\ValueGroup.h">
      <Filter>Source Files</Filter>
    </ClInclude>
    <ClInclude Include="include\IValue.h">
      <Filter>Source Files</Filter>
    </ClInclude>
    <ClInclude Include="include\INetworkPortAssigner.h">
      <Filter>Source Files</Filter>
    </ClInclude>
    <ClInclude Include="include\ResourceGroup.h">
      <Filter>Source Files</Filter>
    </ClInclude>
    <ClInclude Include="include\ICameraVideoGrabber.h">
      <Filter>Source Files</Filter>
    </ClInclude>
    <ClInclude Include="include\CompileConfig.h">
      <Filter>Header Files</Filter>
    </ClInclude>
  </ItemGroup>
  <ItemGroup>
    <None Include="Notes.txt" />
    <None Include="include\Hashmap.inl">
      <Filter>Source Files</Filter>
    </None>
  </ItemGroup>
  <ItemGroup>
    <Filter Include="Header Files">
      <UniqueIdentifier>{e2b8e0fa-dd57-40e1-8252-232cf5d1141b}</UniqueIdentifier>
    </Filter>
    <Filter Include="Source Files">
      <UniqueIdentifier>{16e660f2-81dd-4c5e-b1a1-0ebb11f164b3}</UniqueIdentifier>
    </Filter>
  </ItemGroup>
  <ItemGroup>
    <ClCompile Include="src\LogManager.cpp">
      <Filter>Source Files</Filter>
    </ClCompile>
    <ClCompile Include="src\LogSubsystem.cpp">
      <Filter>Source Files</Filter>
    </ClCompile>
    <ClCompile Include="src\StreamLogger.cpp">
      <Filter>Source Files</Filter>
    </ClCompile>
    <ClCompile Include="src\StreamReader.cpp">
      <Filter>Source Files</Filter>
    </ClCompile>
    <ClCompile Include="src\StreamReaderEx.cpp">
      <Filter>Source Files</Filter>
    </ClCompile>
    <ClCompile Include="src\StreamWriter.cpp">
      <Filter>Source Files</Filter>
    </ClCompile>
    <ClCompile Include="src\StreamWriterEx.cpp">
      <Filter>Source Files</Filter>
    </ClCompile>
    <ClCompile Include="src\StringConverter.cpp">
      <Filter>Source Files</Filter>
    </ClCompile>
    <ClCompile Include="src\StringEncoding.cpp">
      <Filter>Source Files</Filter>
    </ClCompile>
    <ClCompile Include="stdafx.cpp">
      <Filter>Header Files</Filter>
    </ClCompile>
    <ClCompile Include="src\ASCIIEncoding.cpp">
      <Filter>Source Files</Filter>
    </ClCompile>
    <ClCompile Include="src\CException.cpp">
      <Filter>Source Files</Filter>
    </ClCompile>
    <ClCompile Include="src\CPropertieSet.cpp">
      <Filter>Source Files</Filter>
    </ClCompile>
    <ClCompile Include="src\EnumManager.cpp">
      <Filter>Source Files</Filter>
    </ClCompile>
    <ClCompile Include="src\gccollector.cpp">
      <Filter>Source Files</Filter>
    </ClCompile>
    <ClCompile Include="src\GCInfo.cpp">
      <Filter>Source Files</Filter>
    </ClCompile>
    <ClCompile Include="src\IFileSystem.cpp">
      <Filter>Source Files</Filter>
    </ClCompile>
    <ClCompile Include="src\IGCCollector.cpp">
      <Filter>Source Files</Filter>
    </ClCompile>
    <ClCompile Include="src\ILogManager.cpp">
      <Filter>Source Files</Filter>
    </ClCompile>
    <ClCompile Include="src\IObject.cpp">
      <Filter>Source Files</Filter>
    </ClCompile>
    <ClCompile Include="src\IProperty.cpp">
      <Filter>Source Files</Filter>
    </ClCompile>
    <ClCompile Include="src\IResource.cpp">
      <Filter>Source Files</Filter>
    </ClCompile>
    <ClCompile Include="src\IThreadManager.cpp">
      <Filter>Source Files</Filter>
    </ClCompile>
    <ClCompile Include="src\IXMLParser.cpp">
      <Filter>Source Files</Filter>
    </ClCompile>
    <ClCompile Include="src\mString.cpp">
      <Filter>Source Files</Filter>
    </ClCompile>
    <ClCompile Include="src\NetAddress.cpp">
      <Filter>Source Files</Filter>
    </ClCompile>
    <ClCompile Include="src\UTFString.cpp">
      <Filter>Source Files</Filter>
    </ClCompile>
    <ClCompile Include="src\XMLElement.cpp">
      <Filter>Source Files</Filter>
    </ClCompile>
    <ClCompile Include="src\CMemory.cpp">
      <Filter>Source Files</Filter>
    </ClCompile>
    <ClCompile Include="src\CMemoryStream.cpp">
      <Filter>Source Files</Filter>
    </ClCompile>
    <ClCompile Include="src\DelegateManager.cpp">
      <Filter>Source Files</Filter>
    </ClCompile>
    <ClCompile Include="src\IResourceHolder.cpp">
      <Filter>Source Files</Filter>
    </ClCompile>
    <ClCompile Include="src\IOSSystem.cpp">
      <Filter>Source Files</Filter>
    </ClCompile>
    <ClCompile Include="src\GUID.cpp">
      <Filter>Source Files</Filter>
    </ClCompile>
    <ClCompile Include="src\CRC.cpp">
      <Filter>Source Files</Filter>
    </ClCompile>
    <ClCompile Include="src\DateTime.cpp">
      <Filter>Source Files</Filter>
    </ClCompile>
    <ClCompile Include="src\DefaultColors.cpp">
      <Filter>Source Files</Filter>
    </ClCompile>
    <ClCompile Include="src\ImageInfo.cpp">
      <Filter>Source Files</Filter>
    </ClCompile>
    <ClCompile Include="src\BitConverter.cpp">
      <Filter>Source Files</Filter>
    </ClCompile>
    <ClCompile Include="src\PixelFormat.cpp">
      <Filter>Source Files</Filter>
    </ClCompile>
    <ClCompile Include="src\PixelUtil.cpp">
      <Filter>Source Files</Filter>
    </ClCompile>
    <ClCompile Include="src\FPSCalc.cpp">
      <Filter>Source Files</Filter>
    </ClCompile>
    <ClCompile Include="src\XMLTree.cpp">
      <Filter>Source Files</Filter>
    </ClCompile>
    <ClCompile Include="src\XMLWriter.cpp">
      <Filter>Source Files</Filter>
    </ClCompile>
    <ClCompile Include="src\WebURL.cpp">
      <Filter>Source Files</Filter>
    </ClCompile>
    <ClCompile Include="src\HNetCommands.cpp">
      <Filter>Source Files</Filter>
    </ClCompile>
    <ClCompile Include="src\NetDataTypes.cpp">
      <Filter>Source Files</Filter>
    </ClCompile>
    <ClCompile Include="src\NetPacket.cpp">
      <Filter>Source Files</Filter>
    </ClCompile>
    <ClCompile Include="src\SendPacketQueue.cpp">
      <Filter>Source Files</Filter>
    </ClCompile>
    <ClCompile Include="src\ConnectedPeer.cpp">
      <Filter>Source Files</Filter>
    </ClCompile>
    <ClCompile Include="src\HMessage.cpp">
      <Filter>Source Files</Filter>
    </ClCompile>
    <ClCompile Include="src\IStream.cpp">
      <Filter>Source Files</Filter>
    </ClCompile>
    <ClCompile Include="src\PoolMemoryAllocator.cpp">
      <Filter>Source Files</Filter>
    </ClCompile>
    <ClCompile Include="src\TraceManager.cpp">
      <Filter>Source Files</Filter>
    </ClCompile>
    <ClCompile Include="src\SColor.cpp">
      <Filter>Source Files</Filter>
    </ClCompile>
    <ClCompile Include="src\keyCode.cpp">
      <Filter>Source Files</Filter>
    </ClCompile>
    <ClCompile Include="src\ThreadBarrier.cpp">
      <Filter>Source Files</Filter>
    </ClCompile>
    <ClCompile Include="src\OptionContainer.cpp">
      <Filter>Source Files</Filter>
    </ClCompile>
    <ClCompile Include="src\ValueGroup.cpp">
      <Filter>Source Files</Filter>
    </ClCompile>
    <ClCompile Include="src\iresourcemanager.cpp">
      <Filter>Source Files</Filter>
    </ClCompile>
    <ClCompile Include="src\ResourceGroup.cpp">
      <Filter>Source Files</Filter>
    </ClCompile>
    <ClCompile Include="src\UnicodeEncoding.cpp">
      <Filter>Source Files</Filter>
    </ClCompile>
    <ClCompile Include="src\CLimitedStream.cpp">
      <Filter>Source Files</Filter>
    </ClCompile>
    <ClCompile Include="src\ColorConverter.cpp" />
    <ClCompile Include="src\ICameraVideoGrabber.cpp">
      <Filter>Source Files</Filter>
    </ClCompile>
    <ClCompile Include="src\SingletonImpl.cpp">
      <Filter>Source Files</Filter>
    </ClCompile>
  </ItemGroup>
</Project>